
Microsoft Visual Studio Solution File, Format Version 12.00
# Visual Studio 2015
Project("{FAE04EC0-301F-11D3-BF4B-00C04F79EFBC}") = "COMP305_FinalProject-AbMa-master", "COMP305_FinalProject-AbMa-master.csproj", "{DFC3514F-A4B3-5248-1469-79BA07164AF9}"
EndProject
Project("{FAE04EC0-301F-11D3-BF4B-00C04F79EFBC}") = "COMP305_FinalProject-AbMa-master.Editor", "COMP305_FinalProject-AbMa-master.Editor.csproj", "{58DEDA66-739F-5C83-C035-909FCF49FC38}"
EndProject
Global
	GlobalSection(SolutionConfigurationPlatforms) = preSolution
		Debug|Any CPU = Debug|Any CPU
		Release|Any CPU = Release|Any CPU
	EndGlobalSection
	GlobalSection(ProjectConfigurationPlatforms) = postSolution
		{DFC3514F-A4B3-5248-1469-79BA07164AF9}.Debug|Any CPU.ActiveCfg = Debug|Any CPU
		{DFC3514F-A4B3-5248-1469-79BA07164AF9}.Debug|Any CPU.Build.0 = Debug|Any CPU
		{DFC3514F-A4B3-5248-1469-79BA07164AF9}.Release|Any CPU.ActiveCfg = Release|Any CPU
		{DFC3514F-A4B3-5248-1469-79BA07164AF9}.Release|Any CPU.Build.0 = Release|Any CPU
		{58DEDA66-739F-5C83-C035-909FCF49FC38}.Debug|Any CPU.ActiveCfg = Debug|Any CPU
		{58DEDA66-739F-5C83-C035-909FCF49FC38}.Debug|Any CPU.Build.0 = Debug|Any CPU
		{58DEDA66-739F-5C83-C035-909FCF49FC38}.Release|Any CPU.ActiveCfg = Release|Any CPU
		{58DEDA66-739F-5C83-C035-909FCF49FC38}.Release|Any CPU.Build.0 = Release|Any CPU
	EndGlobalSection
	GlobalSection(SolutionProperties) = preSolution
		HideSolutionNode = FALSE
	EndGlobalSection
EndGlobal
